
Microsoft Visual Studio Solution File, Format Version 12.00
# Visual Studio 15
VisualStudioVersion = 15.0.27428.2037
MinimumVisualStudioVersion = 10.0.40219.1
Project("{FAE04EC0-301F-11D3-BF4B-00C04F79EFBC}") = "PracticeSuite", "PracticeSuite\PracticeSuite.csproj", "{8508EE7C-65E6-428A-AFDB-4CD6709E008E}"
EndProject
Global
	GlobalSection(SolutionConfigurationPlatforms) = preSolution
		Debug|Any CPU = Debug|Any CPU
		Release|Any CPU = Release|Any CPU
	EndGlobalSection
	GlobalSection(ProjectConfigurationPlatforms) = postSolution
		{8508EE7C-65E6-428A-AFDB-4CD6709E008E}.Debug|Any CPU.ActiveCfg = Debug|Any CPU
		{8508EE7C-65E6-428A-AFDB-4CD6709E008E}.Debug|Any CPU.Build.0 = Debug|Any CPU
		{8508EE7C-65E6-428A-AFDB-4CD6709E008E}.Release|Any CPU.ActiveCfg = Release|Any CPU
		{8508EE7C-65E6-428A-AFDB-4CD6709E008E}.Release|Any CPU.Build.0 = Release|Any CPU
	EndGlobalSection
	GlobalSection(SolutionProperties) = preSolution
		HideSolutionNode = FALSE
	EndGlobalSection
	GlobalSection(ExtensibilityGlobals) = postSolution
		SolutionGuid = {663238E9-E0EF-4FF7-9594-FC001133A012}
	EndGlobalSection
EndGlobal
